// !$*UTF8*$!
{
	archiveVersion = 1;
	classes = {
	};
	objectVersion = 51;
	objects = {

/* Begin PBXBuildFile section */
		886A848F246FE58900CF4445 /* SQLErorr.swift in Sources */ = {isa = PBXBuildFile; fileRef = 886A848E246FE58900CF4445 /* SQLErorr.swift */; };
		886A8493246FE6C400CF4445 /* WokerEditorViewController.swift in Sources */ = {isa = PBXBuildFile; fileRef = 886A8492246FE6C400CF4445 /* WokerEditorViewController.swift */; };
		886A8496246FEBBE00CF4445 /* Helper.swift in Sources */ = {isa = PBXBuildFile; fileRef = 886A8495246FEBBE00CF4445 /* Helper.swift */; };
		886FF1C4246EF0CE00A3EDAD /* Woker.swift in Sources */ = {isa = PBXBuildFile; fileRef = 886FF1C3246EF0CE00A3EDAD /* Woker.swift */; };
		887E692E246DE956000DAD92 /* SQLiteDatabase.swift in Sources */ = {isa = PBXBuildFile; fileRef = 887E692D246DE956000DAD92 /* SQLiteDatabase.swift */; };
		887E6930246DEAD8000DAD92 /* Model.swift in Sources */ = {isa = PBXBuildFile; fileRef = 887E692F246DEAD8000DAD92 /* Model.swift */; };
		8885AAB8246DE05100C70B15 /* WokerViewController.swift in Sources */ = {isa = PBXBuildFile; fileRef = 8885AAB7246DE05100C70B15 /* WokerViewController.swift */; };
		88B57BDF246D9C34006176B2 /* AppDelegate.swift in Sources */ = {isa = PBXBuildFile; fileRef = 88B57BDE246D9C34006176B2 /* AppDelegate.swift */; };
		88B57BE1246D9C34006176B2 /* SceneDelegate.swift in Sources */ = {isa = PBXBuildFile; fileRef = 88B57BE0246D9C34006176B2 /* SceneDelegate.swift */; };
		88B57BE3246D9C34006176B2 /* CalendarViewController.swift in Sources */ = {isa = PBXBuildFile; fileRef = 88B57BE2246D9C34006176B2 /* CalendarViewController.swift */; };
		88B57BE6246D9C34006176B2 /* Main.storyboard in Resources */ = {isa = PBXBuildFile; fileRef = 88B57BE4246D9C34006176B2 /* Main.storyboard */; };
		88B57BE8246D9C3F006176B2 /* Assets.xcassets in Resources */ = {isa = PBXBuildFile; fileRef = 88B57BE7246D9C3F006176B2 /* Assets.xcassets */; };
		88B57BEB246D9C3F006176B2 /* LaunchScreen.storyboard in Resources */ = {isa = PBXBuildFile; fileRef = 88B57BE9246D9C3F006176B2 /* LaunchScreen.storyboard */; };
		88B57BF4246D9CC3006176B2 /* AuthViewController.swift in Sources */ = {isa = PBXBuildFile; fileRef = 88B57BF3246D9CC3006176B2 /* AuthViewController.swift */; };
		88B57BF6246D9CDD006176B2 /* AuthModel.swift in Sources */ = {isa = PBXBuildFile; fileRef = 88B57BF5246D9CDD006176B2 /* AuthModel.swift */; };
		88B57BFC246DADB2006176B2 /* ExtensionViewController+.swift in Sources */ = {isa = PBXBuildFile; fileRef = 88B57BFB246DADB2006176B2 /* ExtensionViewController+.swift */; };
		F33544C0DE430B6CDE9F8BCC /* Pods_TestApp.framework in Frameworks */ = {isa = PBXBuildFile; fileRef = FD41BA9423CE5C2F45E7485B /* Pods_TestApp.framework */; };
/* End PBXBuildFile section */

/* Begin PBXFileReference section */
		0A0C4D4E970725A8EF673A10 /* Pods-TestApp.debug.xcconfig */ = {isa = PBXFileReference; includeInIndex = 1; lastKnownFileType = text.xcconfig; name = "Pods-TestApp.debug.xcconfig"; path = "Target Support Files/Pods-TestApp/Pods-TestApp.debug.xcconfig"; sourceTree = "<group>"; };
		886A848E246FE58900CF4445 /* SQLErorr.swift */ = {isa = PBXFileReference; lastKnownFileType = sourcecode.swift; path = SQLErorr.swift; sourceTree = "<group>"; };
		886A8492246FE6C400CF4445 /* WokerEditorViewController.swift */ = {isa = PBXFileReference; lastKnownFileType = sourcecode.swift; path = WokerEditorViewController.swift; sourceTree = "<group>"; };
		886A8495246FEBBE00CF4445 /* Helper.swift */ = {isa = PBXFileReference; lastKnownFileType = sourcecode.swift; path = Helper.swift; sourceTree = "<group>"; };
		886FF1C3246EF0CE00A3EDAD /* Woker.swift */ = {isa = PBXFileReference; lastKnownFileType = sourcecode.swift; path = Woker.swift; sourceTree = "<group>"; };
		887E692D246DE956000DAD92 /* SQLiteDatabase.swift */ = {isa = PBXFileReference; lastKnownFileType = sourcecode.swift; path = SQLiteDatabase.swift; sourceTree = "<group>"; };
		887E692F246DEAD8000DAD92 /* Model.swift */ = {isa = PBXFileReference; lastKnownFileType = sourcecode.swift; path = Model.swift; sourceTree = "<group>"; };
		8885AAB7246DE05100C70B15 /* WokerViewController.swift */ = {isa = PBXFileReference; lastKnownFileType = sourcecode.swift; path = WokerViewController.swift; sourceTree = "<group>"; };
		88B57BDB246D9C34006176B2 /* TestApp.app */ = {isa = PBXFileReference; explicitFileType = wrapper.application; includeInIndex = 0; path = TestApp.app; sourceTree = BUILT_PRODUCTS_DIR; };
		88B57BDE246D9C34006176B2 /* AppDelegate.swift */ = {isa = PBXFileReference; lastKnownFileType = sourcecode.swift; path = AppDelegate.swift; sourceTree = "<group>"; };
		88B57BE0246D9C34006176B2 /* SceneDelegate.swift */ = {isa = PBXFileReference; lastKnownFileType = sourcecode.swift; path = SceneDelegate.swift; sourceTree = "<group>"; };
		88B57BE2246D9C34006176B2 /* CalendarViewController.swift */ = {isa = PBXFileReference; lastKnownFileType = sourcecode.swift; path = CalendarViewController.swift; sourceTree = "<group>"; };
		88B57BE5246D9C34006176B2 /* Base */ = {isa = PBXFileReference; lastKnownFileType = file.storyboard; name = Base; path = Base.lproj/Main.storyboard; sourceTree = "<group>"; };
		88B57BE7246D9C3F006176B2 /* Assets.xcassets */ = {isa = PBXFileReference; lastKnownFileType = folder.assetcatalog; path = Assets.xcassets; sourceTree = "<group>"; };
		88B57BEA246D9C3F006176B2 /* Base */ = {isa = PBXFileReference; lastKnownFileType = file.storyboard; name = Base; path = Base.lproj/LaunchScreen.storyboard; sourceTree = "<group>"; };
		88B57BEC246D9C3F006176B2 /* Info.plist */ = {isa = PBXFileReference; lastKnownFileType = text.plist.xml; path = Info.plist; sourceTree = "<group>"; };
		88B57BF3246D9CC3006176B2 /* AuthViewController.swift */ = {isa = PBXFileReference; lastKnownFileType = sourcecode.swift; path = AuthViewController.swift; sourceTree = "<group>"; };
		88B57BF5246D9CDD006176B2 /* AuthModel.swift */ = {isa = PBXFileReference; lastKnownFileType = sourcecode.swift; path = AuthModel.swift; sourceTree = "<group>"; };
		88B57BFB246DADB2006176B2 /* ExtensionViewController+.swift */ = {isa = PBXFileReference; lastKnownFileType = sourcecode.swift; path = "ExtensionViewController+.swift"; sourceTree = "<group>"; };
		9986BD3B8AAE479A130499F7 /* Pods-TestApp.release.xcconfig */ = {isa = PBXFileReference; includeInIndex = 1; lastKnownFileType = text.xcconfig; name = "Pods-TestApp.release.xcconfig"; path = "Target Support Files/Pods-TestApp/Pods-TestApp.release.xcconfig"; sourceTree = "<group>"; };
		FD41BA9423CE5C2F45E7485B /* Pods_TestApp.framework */ = {isa = PBXFileReference; explicitFileType = wrapper.framework; includeInIndex = 0; path = Pods_TestApp.framework; sourceTree = BUILT_PRODUCTS_DIR; };
/* End PBXFileReference section */

/* Begin PBXFrameworksBuildPhase section */
		88B57BD8246D9C34006176B2 /* Frameworks */ = {
			isa = PBXFrameworksBuildPhase;
			buildActionMask = 2147483647;
			files = (
				F33544C0DE430B6CDE9F8BCC /* Pods_TestApp.framework in Frameworks */,
			);
			runOnlyForDeploymentPostprocessing = 0;
		};
/* End PBXFrameworksBuildPhase section */

/* Begin PBXGroup section */
		11ECCA1CD0885FE2521659AC /* Frameworks */ = {
			isa = PBXGroup;
			children = (
				FD41BA9423CE5C2F45E7485B /* Pods_TestApp.framework */,
			);
			name = Frameworks;
			sourceTree = "<group>";
		};
		3F903C0958721E64A4B53D2A /* Pods */ = {
			isa = PBXGroup;
			children = (
				0A0C4D4E970725A8EF673A10 /* Pods-TestApp.debug.xcconfig */,
				9986BD3B8AAE479A130499F7 /* Pods-TestApp.release.xcconfig */,
			);
			path = Pods;
			sourceTree = "<group>";
		};
		886A8490246FE5ED00CF4445 /* Calendar */ = {
			isa = PBXGroup;
			children = (
				88B57BE2246D9C34006176B2 /* CalendarViewController.swift */,
			);
			path = Calendar;
			sourceTree = "<group>";
		};
		886A8491246FE60500CF4445 /* SQLDataLayer */ = {
			isa = PBXGroup;
			children = (
				887E692D246DE956000DAD92 /* SQLiteDatabase.swift */,
				886A848E246FE58900CF4445 /* SQLErorr.swift */,
			);
			path = SQLDataLayer;
			sourceTree = "<group>";
		};
		886A8494246FEBA200CF4445 /* Helper */ = {
			isa = PBXGroup;
			children = (
				886A8495246FEBBE00CF4445 /* Helper.swift */,
			);
			path = Helper;
			sourceTree = "<group>";
		};
		886A8497246FF47D00CF4445 /* Base */ = {
			isa = PBXGroup;
			children = (
				8885AAB7246DE05100C70B15 /* WokerViewController.swift */,
			);
			path = Base;
			sourceTree = "<group>";
		};
		886A8498246FF49000CF4445 /* WokerEditor */ = {
			isa = PBXGroup;
			children = (
				886A8492246FE6C400CF4445 /* WokerEditorViewController.swift */,
			);
			path = WokerEditor;
			sourceTree = "<group>";
		};
		886FF1BF246EEDEF00A3EDAD /* Woker */ = {
			isa = PBXGroup;
			children = (
				886A8497246FF47D00CF4445 /* Base */,
				886A8498246FF49000CF4445 /* WokerEditor */,
			);
			path = Woker;
			sourceTree = "<group>";
		};
		886FF1C2246EF09B00A3EDAD /* Model */ = {
			isa = PBXGroup;
			children = (
				887E692F246DEAD8000DAD92 /* Model.swift */,
				886FF1C3246EF0CE00A3EDAD /* Woker.swift */,
			);
			path = Model;
			sourceTree = "<group>";
		};
		88B57BD2246D9C34006176B2 = {
			isa = PBXGroup;
			children = (
				88B57BDD246D9C34006176B2 /* TestApp */,
				88B57BDC246D9C34006176B2 /* Products */,
				3F903C0958721E64A4B53D2A /* Pods */,
				11ECCA1CD0885FE2521659AC /* Frameworks */,
			);
			sourceTree = "<group>";
		};
		88B57BDC246D9C34006176B2 /* Products */ = {
			isa = PBXGroup;
			children = (
				88B57BDB246D9C34006176B2 /* TestApp.app */,
			);
			name = Products;
			sourceTree = "<group>";
		};
		88B57BDD246D9C34006176B2 /* TestApp */ = {
			isa = PBXGroup;
			children = (
				88B57BF2246D9C59006176B2 /* App */,
				886FF1C2246EF09B00A3EDAD /* Model */,
				88B57BF7246D9CE6006176B2 /* Auth */,
				886A8490246FE5ED00CF4445 /* Calendar */,
				886A8491246FE60500CF4445 /* SQLDataLayer */,
				886FF1BF246EEDEF00A3EDAD /* Woker */,
				88B57BFA246DA477006176B2 /* Extension */,
				886A8494246FEBA200CF4445 /* Helper */,
			);
			path = TestApp;
			sourceTree = "<group>";
		};
		88B57BF2246D9C59006176B2 /* App */ = {
			isa = PBXGroup;
			children = (
				88B57BE4246D9C34006176B2 /* Main.storyboard */,
				88B57BDE246D9C34006176B2 /* AppDelegate.swift */,
				88B57BE0246D9C34006176B2 /* SceneDelegate.swift */,
				88B57BE7246D9C3F006176B2 /* Assets.xcassets */,
				88B57BE9246D9C3F006176B2 /* LaunchScreen.storyboard */,
				88B57BEC246D9C3F006176B2 /* Info.plist */,
			);
			path = App;
			sourceTree = "<group>";
		};
		88B57BF7246D9CE6006176B2 /* Auth */ = {
			isa = PBXGroup;
			children = (
				88B57BF3246D9CC3006176B2 /* AuthViewController.swift */,
				88B57BF5246D9CDD006176B2 /* AuthModel.swift */,
			);
			path = Auth;
			sourceTree = "<group>";
		};
		88B57BFA246DA477006176B2 /* Extension */ = {
			isa = PBXGroup;
			children = (
				88B57BFB246DADB2006176B2 /* ExtensionViewController+.swift */,
			);
			path = Extension;
			sourceTree = "<group>";
		};
/* End PBXGroup section */

/* Begin PBXNativeTarget section */
		88B57BDA246D9C34006176B2 /* TestApp */ = {
			isa = PBXNativeTarget;
			buildConfigurationList = 88B57BEF246D9C3F006176B2 /* Build configuration list for PBXNativeTarget "TestApp" */;
			buildPhases = (
				DE8B427A0E1CE0B3B80BEC29 /* [CP] Check Pods Manifest.lock */,
				88B57BD7246D9C34006176B2 /* Sources */,
				88B57BD8246D9C34006176B2 /* Frameworks */,
				88B57BD9246D9C34006176B2 /* Resources */,
				456BBF92998E703EBCD8A0D6 /* [CP] Embed Pods Frameworks */,
			);
			buildRules = (
			);
			dependencies = (
			);
			name = TestApp;
			productName = TestApp;
			productReference = 88B57BDB246D9C34006176B2 /* TestApp.app */;
			productType = "com.apple.product-type.application";
		};
/* End PBXNativeTarget section */

/* Begin PBXProject section */
		88B57BD3246D9C34006176B2 /* Project object */ = {
			isa = PBXProject;
			attributes = {
				LastSwiftUpdateCheck = 1130;
				LastUpgradeCheck = 1130;
				ORGANIZATIONNAME = "Sergey Koriukin";
				TargetAttributes = {
					88B57BDA246D9C34006176B2 = {
						CreatedOnToolsVersion = 11.3.1;
					};
				};
			};
			buildConfigurationList = 88B57BD6246D9C34006176B2 /* Build configuration list for PBXProject "TestApp" */;
			compatibilityVersion = "Xcode 9.3";
			developmentRegion = en;
			hasScannedForEncodings = 0;
			knownRegions = (
				en,
				Base,
			);
			mainGroup = 88B57BD2246D9C34006176B2;
			productRefGroup = 88B57BDC246D9C34006176B2 /* Products */;
			projectDirPath = "";
			projectRoot = "";
			targets = (
				88B57BDA246D9C34006176B2 /* TestApp */,
			);
		};
/* End PBXProject section */

/* Begin PBXResourcesBuildPhase section */
		88B57BD9246D9C34006176B2 /* Resources */ = {
			isa = PBXResourcesBuildPhase;
			buildActionMask = 2147483647;
			files = (
				88B57BEB246D9C3F006176B2 /* LaunchScreen.storyboard in Resources */,
				88B57BE8246D9C3F006176B2 /* Assets.xcassets in Resources */,
				88B57BE6246D9C34006176B2 /* Main.storyboard in Resources */,
			);
			runOnlyForDeploymentPostprocessing = 0;
		};
/* End PBXResourcesBuildPhase section */

/* Begin PBXShellScriptBuildPhase section */
		456BBF92998E703EBCD8A0D6 /* [CP] Embed Pods Frameworks */ = {
			isa = PBXShellScriptBuildPhase;
			buildActionMask = 2147483647;
			files = (
			);
			inputFileListPaths = (
				"${PODS_ROOT}/Target Support Files/Pods-TestApp/Pods-TestApp-frameworks-${CONFIGURATION}-input-files.xcfilelist",
			);
			name = "[CP] Embed Pods Frameworks";
			outputFileListPaths = (
				"${PODS_ROOT}/Target Support Files/Pods-TestApp/Pods-TestApp-frameworks-${CONFIGURATION}-output-files.xcfilelist",
			);
			runOnlyForDeploymentPostprocessing = 0;
			shellPath = /bin/sh;
			shellScript = "\"${PODS_ROOT}/Target Support Files/Pods-TestApp/Pods-TestApp-frameworks.sh\"\n";
			showEnvVarsInLog = 0;
		};
		DE8B427A0E1CE0B3B80BEC29 /* [CP] Check Pods Manifest.lock */ = {
			isa = PBXShellScriptBuildPhase;
			buildActionMask = 2147483647;
			files = (
			);
			inputFileListPaths = (
			);
			inputPaths = (
				"${PODS_PODFILE_DIR_PATH}/Podfile.lock",
				"${PODS_ROOT}/Manifest.lock",
			);
			name = "[CP] Check Pods Manifest.lock";
			outputFileListPaths = (
			);
			outputPaths = (
				"$(DERIVED_FILE_DIR)/Pods-TestApp-checkManifestLockResult.txt",
			);
			runOnlyForDeploymentPostprocessing = 0;
			shellPath = /bin/sh;
			shellScript = "diff \"${PODS_PODFILE_DIR_PATH}/Podfile.lock\" \"${PODS_ROOT}/Manifest.lock\" > /dev/null\nif [ $? != 0 ] ; then\n    # print error to STDERR\n    echo \"error: The sandbox is not in sync with the Podfile.lock. Run 'pod install' or update your CocoaPods installation.\" >&2\n    exit 1\nfi\n# This output is used by Xcode 'outputs' to avoid re-running this script phase.\necho \"SUCCESS\" > \"${SCRIPT_OUTPUT_FILE_0}\"\n";
			showEnvVarsInLog = 0;
		};
/* End PBXShellScriptBuildPhase section */

/* Begin PBXSourcesBuildPhase section */
		88B57BD7246D9C34006176B2 /* Sources */ = {
			isa = PBXSourcesBuildPhase;
			buildActionMask = 2147483647;
			files = (
				88B57BF4246D9CC3006176B2 /* AuthViewController.swift in Sources */,
				886A8496246FEBBE00CF4445 /* Helper.swift in Sources */,
				886A848F246FE58900CF4445 /* SQLErorr.swift in Sources */,
				88B57BE3246D9C34006176B2 /* CalendarViewController.swift in Sources */,
				88B57BDF246D9C34006176B2 /* AppDelegate.swift in Sources */,
				886A8493246FE6C400CF4445 /* WokerEditorViewController.swift in Sources */,
				8885AAB8246DE05100C70B15 /* WokerViewController.swift in Sources */,
				887E6930246DEAD8000DAD92 /* Model.swift in Sources */,
				88B57BE1246D9C34006176B2 /* SceneDelegate.swift in Sources */,
				88B57BFC246DADB2006176B2 /* ExtensionViewController+.swift in Sources */,
				887E692E246DE956000DAD92 /* SQLiteDatabase.swift in Sources */,
				886FF1C4246EF0CE00A3EDAD /* Woker.swift in Sources */,
				88B57BF6246D9CDD006176B2 /* AuthModel.swift in Sources */,
			);
			runOnlyForDeploymentPostprocessing = 0;
		};
/* End PBXSourcesBuildPhase section */

/* Begin PBXVariantGroup section */
		88B57BE4246D9C34006176B2 /* Main.storyboard */ = {
			isa = PBXVariantGroup;
			children = (
				88B57BE5246D9C34006176B2 /* Base */,
			);
			name = Main.storyboard;
			sourceTree = "<group>";
		};
		88B57BE9246D9C3F006176B2 /* LaunchScreen.storyboard */ = {
			isa = PBXVariantGroup;
			children = (
				88B57BEA246D9C3F006176B2 /* Base */,
			);
			name = LaunchScreen.storyboard;
			sourceTree = "<group>";
		};
/* End PBXVariantGroup section */

/* Begin XCBuildConfiguration section */
		88B57BED246D9C3F006176B2 /* Debug */ = {
			isa = XCBuildConfiguration;
			buildSettings = {
				ALWAYS_SEARCH_USER_PATHS = NO;
				CLANG_ANALYZER_NONNULL = YES;
				CLANG_ANALYZER_NUMBER_OBJECT_CONVERSION = YES_AGGRESSIVE;
				CLANG_CXX_LANGUAGE_STANDARD = "gnu++14";
				CLANG_CXX_LIBRARY = "libc++";
				CLANG_ENABLE_MODULES = YES;
				CLANG_ENABLE_OBJC_ARC = YES;
				CLANG_ENABLE_OBJC_WEAK = YES;
				CLANG_WARN_BLOCK_CAPTURE_AUTORELEASING = YES;
				CLANG_WARN_BOOL_CONVERSION = YES;
				CLANG_WARN_COMMA = YES;
				CLANG_WARN_CONSTANT_CONVERSION = YES;
				CLANG_WARN_DEPRECATED_OBJC_IMPLEMENTATIONS = YES;
				CLANG_WARN_DIRECT_OBJC_ISA_USAGE = YES_ERROR;
				CLANG_WARN_DOCUMENTATION_COMMENTS = YES;
				CLANG_WARN_EMPTY_BODY = YES;
				CLANG_WARN_ENUM_CONVERSION = YES;
				CLANG_WARN_INFINITE_RECURSION = YES;
				CLANG_WARN_INT_CONVERSION = YES;
				CLANG_WARN_NON_LITERAL_NULL_CONVERSION = YES;
				CLANG_WARN_OBJC_IMPLICIT_RETAIN_SELF = YES;
				CLANG_WARN_OBJC_LITERAL_CONVERSION = YES;
				CLANG_WARN_OBJC_ROOT_CLASS = YES_ERROR;
				CLANG_WARN_RANGE_LOOP_ANALYSIS = YES;
				CLANG_WARN_STRICT_PROTOTYPES = YES;
				CLANG_WARN_SUSPICIOUS_MOVE = YES;
				CLANG_WARN_UNGUARDED_AVAILABILITY = YES_AGGRESSIVE;
				CLANG_WARN_UNREACHABLE_CODE = YES;
				CLANG_WARN__DUPLICATE_METHOD_MATCH = YES;
				COPY_PHASE_STRIP = NO;
				DEBUG_INFORMATION_FORMAT = dwarf;
				ENABLE_STRICT_OBJC_MSGSEND = YES;
				ENABLE_TESTABILITY = YES;
				GCC_C_LANGUAGE_STANDARD = gnu11;
				GCC_DYNAMIC_NO_PIC = NO;
				GCC_NO_COMMON_BLOCKS = YES;
				GCC_OPTIMIZATION_LEVEL = 0;
				GCC_PREPROCESSOR_DEFINITIONS = (
					"DEBUG=1",
					"$(inherited)",
				);
				GCC_WARN_64_TO_32_BIT_CONVERSION = YES;
				GCC_WARN_ABOUT_RETURN_TYPE = YES_ERROR;
				GCC_WARN_UNDECLARED_SELECTOR = YES;
				GCC_WARN_UNINITIALIZED_AUTOS = YES_AGGRESSIVE;
				GCC_WARN_UNUSED_FUNCTION = YES;
				GCC_WARN_UNUSED_VARIABLE = YES;
				IPHONEOS_DEPLOYMENT_TARGET = 13.2;
				MTL_ENABLE_DEBUG_INFO = INCLUDE_SOURCE;
				MTL_FAST_MATH = YES;
				ONLY_ACTIVE_ARCH = YES;
				SDKROOT = iphoneos;
				SWIFT_ACTIVE_COMPILATION_CONDITIONS = DEBUG;
				SWIFT_OPTIMIZATION_LEVEL = "-Onone";
			};
			name = Debug;
		};
		88B57BEE246D9C3F006176B2 /* Release */ = {
			isa = XCBuildConfiguration;
			buildSettings = {
				ALWAYS_SEARCH_USER_PATHS = NO;
				CLANG_ANALYZER_NONNULL = YES;
				CLANG_ANALYZER_NUMBER_OBJECT_CONVERSION = YES_AGGRESSIVE;
				CLANG_CXX_LANGUAGE_STANDARD = "gnu++14";
				CLANG_CXX_LIBRARY = "libc++";
				CLANG_ENABLE_MODULES = YES;
				CLANG_ENABLE_OBJC_ARC = YES;
				CLANG_ENABLE_OBJC_WEAK = YES;
				CLANG_WARN_BLOCK_CAPTURE_AUTORELEASING = YES;
				CLANG_WARN_BOOL_CONVERSION = YES;
				CLANG_WARN_COMMA = YES;
				CLANG_WARN_CONSTANT_CONVERSION = YES;
				CLANG_WARN_DEPRECATED_OBJC_IMPLEMENTATIONS = YES;
				CLANG_WARN_DIRECT_OBJC_ISA_USAGE = YES_ERROR;
				CLANG_WARN_DOCUMENTATION_COMMENTS = YES;
				CLANG_WARN_EMPTY_BODY = YES;
				CLANG_WARN_ENUM_CONVERSION = YES;
				CLANG_WARN_INFINITE_RECURSION = YES;
				CLANG_WARN_INT_CONVERSION = YES;
				CLANG_WARN_NON_LITERAL_NULL_CONVERSION = YES;
				CLANG_WARN_OBJC_IMPLICIT_RETAIN_SELF = YES;
				CLANG_WARN_OBJC_LITERAL_CONVERSION = YES;
				CLANG_WARN_OBJC_ROOT_CLASS = YES_ERROR;
				CLANG_WARN_RANGE_LOOP_ANALYSIS = YES;
				CLANG_WARN_STRICT_PROTOTYPES = YES;
				CLANG_WARN_SUSPICIOUS_MOVE = YES;
				CLANG_WARN_UNGUARDED_AVAILABILITY = YES_AGGRESSIVE;
				CLANG_WARN_UNREACHABLE_CODE = YES;
				CLANG_WARN__DUPLICATE_METHOD_MATCH = YES;
				COPY_PHASE_STRIP = NO;
				DEBUG_INFORMATION_FORMAT = "dwarf-with-dsym";
				ENABLE_NS_ASSERTIONS = NO;
				ENABLE_STRICT_OBJC_MSGSEND = YES;
				GCC_C_LANGUAGE_STANDARD = gnu11;
				GCC_NO_COMMON_BLOCKS = YES;
				GCC_WARN_64_TO_32_BIT_CONVERSION = YES;
				GCC_WARN_ABOUT_RETURN_TYPE = YES_ERROR;
				GCC_WARN_UNDECLARED_SELECTOR = YES;
				GCC_WARN_UNINITIALIZED_AUTOS = YES_AGGRESSIVE;
				GCC_WARN_UNUSED_FUNCTION = YES;
				GCC_WARN_UNUSED_VARIABLE = YES;
				IPHONEOS_DEPLOYMENT_TARGET = 13.2;
				MTL_ENABLE_DEBUG_INFO = NO;
				MTL_FAST_MATH = YES;
				SDKROOT = iphoneos;
				SWIFT_COMPILATION_MODE = wholemodule;
				SWIFT_OPTIMIZATION_LEVEL = "-O";
				VALIDATE_PRODUCT = YES;
			};
			name = Release;
		};
		88B57BF0246D9C3F006176B2 /* Debug */ = {
			isa = XCBuildConfiguration;
			baseConfigurationReference = 0A0C4D4E970725A8EF673A10 /* Pods-TestApp.debug.xcconfig */;
			buildSettings = {
				ASSETCATALOG_COMPILER_APPICON_NAME = AppIcon;
				CODE_SIGN_STYLE = Automatic;
				DEVELOPMENT_TEAM = 48BAMVNW77;
				INFOPLIST_FILE = TestApp/App/Info.plist;
				LD_RUNPATH_SEARCH_PATHS = (
					"$(inherited)",
					"@executable_path/Frameworks",
				);
				PRODUCT_BUNDLE_IDENTIFIER = ANCHOR.TestApp;
				PRODUCT_NAME = "$(TARGET_NAME)";
				SWIFT_VERSION = 5.0;
				TARGETED_DEVICE_FAMILY = "1,2";
			};
			name = Debug;
		};
		88B57BF1246D9C3F006176B2 /* Release */ = {
			isa = XCBuildConfiguration;
			baseConfigurationReference = 9986BD3B8AAE479A130499F7 /* Pods-TestApp.release.xcconfig */;
			buildSettings = {
				ASSETCATALOG_COMPILER_APPICON_NAME = AppIcon;
				CODE_SIGN_STYLE = Automatic;
				DEVELOPMENT_TEAM = 48BAMVNW77;
				INFOPLIST_FILE = TestApp/App/Info.plist;
				LD_RUNPATH_SEARCH_PATHS = (
					"$(inherited)",
					"@executable_path/Frameworks",
				);
				PRODUCT_BUNDLE_IDENTIFIER = ANCHOR.TestApp;
				PRODUCT_NAME = "$(TARGET_NAME)";
				SWIFT_VERSION = 5.0;
				TARGETED_DEVICE_FAMILY = "1,2";
			};
			name = Release;
		};
/* End XCBuildConfiguration section */

/* Begin XCConfigurationList section */
		88B57BD6246D9C34006176B2 /* Build configuration list for PBXProject "TestApp" */ = {
			isa = XCConfigurationList;
			buildConfigurations = (
				88B57BED246D9C3F006176B2 /* Debug */,
				88B57BEE246D9C3F006176B2 /* Release */,
			);
			defaultConfigurationIsVisible = 0;
			defaultConfigurationName = Release;
		};
		88B57BEF246D9C3F006176B2 /* Build configuration list for PBXNativeTarget "TestApp" */ = {
			isa = XCConfigurationList;
			buildConfigurations = (
				88B57BF0246D9C3F006176B2 /* Debug */,
				88B57BF1246D9C3F006176B2 /* Release */,
			);
			defaultConfigurationIsVisible = 0;
			defaultConfigurationName = Release;
		};
/* End XCConfigurationList section */
	};
	rootObject = 88B57BD3246D9C34006176B2 /* Project object */;
}
